
Microsoft Visual Studio Solution File, Format Version 12.00
# Visual Studio Version 17
VisualStudioVersion = 17.13.35825.156 d17.13
MinimumVisualStudioVersion = 10.0.40219.1
Project("{FAE04EC0-301F-11D3-BF4B-00C04F79EFBC}") = "AttendanceUtility", "AttendanceUtility.csproj", "{BC975DA3-AD79-48D5-88F0-6EA15DCCF0AD}"
EndProject
Global
	GlobalSection(SolutionConfigurationPlatforms) = preSolution
		Debug|Any CPU = Debug|Any CPU
		Release|Any CPU = Release|Any CPU
	EndGlobalSection
	GlobalSection(ProjectConfigurationPlatforms) = postSolution
		{BC975DA3-AD79-48D5-88F0-6EA15DCCF0AD}.Debug|Any CPU.ActiveCfg = Debug|Any CPU
		{BC975DA3-AD79-48D5-88F0-6EA15DCCF0AD}.Debug|Any CPU.Build.0 = Debug|Any CPU
		{BC975DA3-AD79-48D5-88F0-6EA15DCCF0AD}.Release|Any CPU.ActiveCfg = Release|Any CPU
		{BC975DA3-AD79-48D5-88F0-6EA15DCCF0AD}.Release|Any CPU.Build.0 = Release|Any CPU
	EndGlobalSection
	GlobalSection(SolutionProperties) = preSolution
		HideSolutionNode = FALSE
	EndGlobalSection
	GlobalSection(ExtensibilityGlobals) = postSolution
		SolutionGuid = {818E5B85-CEB3-43CB-B88B-7FC344584DD1}
	EndGlobalSection
EndGlobal
