
Microsoft Visual Studio Solution File, Format Version 12.00
# Visual Studio Version 17
VisualStudioVersion = 17.13.35825.156 d17.13
MinimumVisualStudioVersion = 10.0.40219.1
Project("{FAE04EC0-301F-11D3-BF4B-00C04F79EFBC}") = "StudentQuiz", "StudentQuiz.csproj", "{477D36DD-A15C-4CB1-AF1D-9DA2A058681D}"
EndProject
Global
	GlobalSection(SolutionConfigurationPlatforms) = preSolution
		Debug|Any CPU = Debug|Any CPU
		Release|Any CPU = Release|Any CPU
	EndGlobalSection
	GlobalSection(ProjectConfigurationPlatforms) = postSolution
		{477D36DD-A15C-4CB1-AF1D-9DA2A058681D}.Debug|Any CPU.ActiveCfg = Debug|Any CPU
		{477D36DD-A15C-4CB1-AF1D-9DA2A058681D}.Debug|Any CPU.Build.0 = Debug|Any CPU
		{477D36DD-A15C-4CB1-AF1D-9DA2A058681D}.Release|Any CPU.ActiveCfg = Release|Any CPU
		{477D36DD-A15C-4CB1-AF1D-9DA2A058681D}.Release|Any CPU.Build.0 = Release|Any CPU
	EndGlobalSection
	GlobalSection(SolutionProperties) = preSolution
		HideSolutionNode = FALSE
	EndGlobalSection
	GlobalSection(ExtensibilityGlobals) = postSolution
		SolutionGuid = {378BD05B-552B-4FCF-8BB4-CE1D9EA0E128}
	EndGlobalSection
EndGlobal
